// !$*UTF8*$!
{
	archiveVersion = 1;
	classes = {
	};
	objectVersion = 50;
	objects = {

/* Begin PBXBuildFile section */
		A370D83E247BA8EC007B09CD /* AppDelegate.swift in Sources */ = {isa = PBXBuildFile; fileRef = A370D83D247BA8EC007B09CD /* AppDelegate.swift */; };
		A370D840247BA8EC007B09CD /* art.scnassets in Resources */ = {isa = PBXBuildFile; fileRef = A370D83F247BA8EC007B09CD /* art.scnassets */; };
		A370D842247BA8EC007B09CD /* ViewController.swift in Sources */ = {isa = PBXBuildFile; fileRef = A370D841247BA8EC007B09CD /* ViewController.swift */; };
		A370D845247BA8EC007B09CD /* Main.storyboard in Resources */ = {isa = PBXBuildFile; fileRef = A370D843247BA8EC007B09CD /* Main.storyboard */; };
		A370D847247BA8EF007B09CD /* Assets.xcassets in Resources */ = {isa = PBXBuildFile; fileRef = A370D846247BA8EF007B09CD /* Assets.xcassets */; };
		A370D84A247BA8EF007B09CD /* LaunchScreen.storyboard in Resources */ = {isa = PBXBuildFile; fileRef = A370D848247BA8EF007B09CD /* LaunchScreen.storyboard */; };
/* End PBXBuildFile section */

/* Begin PBXFileReference section */
		A370D83A247BA8EC007B09CD /* FlyPlane.app */ = {isa = PBXFileReference; explicitFileType = wrapper.application; includeInIndex = 0; path = FlyPlane.app; sourceTree = BUILT_PRODUCTS_DIR; };
		A370D83D247BA8EC007B09CD /* AppDelegate.swift */ = {isa = PBXFileReference; lastKnownFileType = sourcecode.swift; path = AppDelegate.swift; sourceTree = "<group>"; };
		A370D83F247BA8EC007B09CD /* art.scnassets */ = {isa = PBXFileReference; lastKnownFileType = wrapper.scnassets; path = art.scnassets; sourceTree = "<group>"; };
		A370D841247BA8EC007B09CD /* ViewController.swift */ = {isa = PBXFileReference; lastKnownFileType = sourcecode.swift; path = ViewController.swift; sourceTree = "<group>"; };
		A370D844247BA8EC007B09CD /* Base */ = {isa = PBXFileReference; lastKnownFileType = file.storyboard; name = Base; path = Base.lproj/Main.storyboard; sourceTree = "<group>"; };
		A370D846247BA8EF007B09CD /* Assets.xcassets */ = {isa = PBXFileReference; lastKnownFileType = folder.assetcatalog; path = Assets.xcassets; sourceTree = "<group>"; };
		A370D849247BA8EF007B09CD /* Base */ = {isa = PBXFileReference; lastKnownFileType = file.storyboard; name = Base; path = Base.lproj/LaunchScreen.storyboard; sourceTree = "<group>"; };
		A370D84B247BA8EF007B09CD /* Info.plist */ = {isa = PBXFileReference; lastKnownFileType = text.plist.xml; path = Info.plist; sourceTree = "<group>"; };
/* End PBXFileReference section */

/* Begin PBXFrameworksBuildPhase section */
		A370D837247BA8EC007B09CD /* Frameworks */ = {
			isa = PBXFrameworksBuildPhase;
			buildActionMask = 2147483647;
			files = (
			);
			runOnlyForDeploymentPostprocessing = 0;
		};
/* End PBXFrameworksBuildPhase section */

/* Begin PBXGroup section */
		A370D831247BA8EB007B09CD = {
			isa = PBXGroup;
			children = (
				A370D83C247BA8EC007B09CD /* FlyPlane */,
				A370D83B247BA8EC007B09CD /* Products */,
			);
			sourceTree = "<group>";
		};
		A370D83B247BA8EC007B09CD /* Products */ = {
			isa = PBXGroup;
			children = (
				A370D83A247BA8EC007B09CD /* FlyPlane.app */,
			);
			name = Products;
			sourceTree = "<group>";
		};
		A370D83C247BA8EC007B09CD /* FlyPlane */ = {
			isa = PBXGroup;
			children = (
				A370D83D247BA8EC007B09CD /* AppDelegate.swift */,
				A370D83F247BA8EC007B09CD /* art.scnassets */,
				A370D841247BA8EC007B09CD /* ViewController.swift */,
				A370D843247BA8EC007B09CD /* Main.storyboard */,
				A370D846247BA8EF007B09CD /* Assets.xcassets */,
				A370D848247BA8EF007B09CD /* LaunchScreen.storyboard */,
				A370D84B247BA8EF007B09CD /* Info.plist */,
			);
			path = FlyPlane;
			sourceTree = "<group>";
		};
/* End PBXGroup section */

/* Begin PBXNativeTarget section */
		A370D839247BA8EC007B09CD /* FlyPlane */ = {
			isa = PBXNativeTarget;
			buildConfigurationList = A370D84E247BA8EF007B09CD /* Build configuration list for PBXNativeTarget "FlyPlane" */;
			buildPhases = (
				A370D836247BA8EC007B09CD /* Sources */,
				A370D837247BA8EC007B09CD /* Frameworks */,
				A370D838247BA8EC007B09CD /* Resources */,
			);
			buildRules = (
			);
			dependencies = (
			);
			name = FlyPlane;
			productName = FlyPlane;
			productReference = A370D83A247BA8EC007B09CD /* FlyPlane.app */;
			productType = "com.apple.product-type.application";
		};
/* End PBXNativeTarget section */

/* Begin PBXProject section */
		A370D832247BA8EB007B09CD /* Project object */ = {
			isa = PBXProject;
			attributes = {
				LastSwiftUpdateCheck = 1110;
				LastUpgradeCheck = 1110;
				ORGANIZATIONNAME = simba;
				TargetAttributes = {
					A370D839247BA8EC007B09CD = {
						CreatedOnToolsVersion = 11.1;
					};
				};
			};
			buildConfigurationList = A370D835247BA8EB007B09CD /* Build configuration list for PBXProject "FlyPlane" */;
			compatibilityVersion = "Xcode 9.3";
			developmentRegion = en;
			hasScannedForEncodings = 0;
			knownRegions = (
				en,
				Base,
			);
			mainGroup = A370D831247BA8EB007B09CD;
			productRefGroup = A370D83B247BA8EC007B09CD /* Products */;
			projectDirPath = "";
			projectRoot = "";
			targets = (
				A370D839247BA8EC007B09CD /* FlyPlane */,
			);
		};
/* End PBXProject section */

/* Begin PBXResourcesBuildPhase section */
		A370D838247BA8EC007B09CD /* Resources */ = {
			isa = PBXResourcesBuildPhase;
			buildActionMask = 2147483647;
			files = (
				A370D840247BA8EC007B09CD /* art.scnassets in Resources */,
				A370D84A247BA8EF007B09CD /* LaunchScreen.storyboard in Resources */,
				A370D847247BA8EF007B09CD /* Assets.xcassets in Resources */,
				A370D845247BA8EC007B09CD /* Main.storyboard in Resources */,
			);
			runOnlyForDeploymentPostprocessing = 0;
		};
/* End PBXResourcesBuildPhase section */

/* Begin PBXSourcesBuildPhase section */
		A370D836247BA8EC007B09CD /* Sources */ = {
			isa = PBXSourcesBuildPhase;
			buildActionMask = 2147483647;
			files = (
				A370D842247BA8EC007B09CD /* ViewController.swift in Sources */,
				A370D83E247BA8EC007B09CD /* AppDelegate.swift in Sources */,
			);
			runOnlyForDeploymentPostprocessing = 0;
		};
/* End PBXSourcesBuildPhase section */

/* Begin PBXVariantGroup section */
		A370D843247BA8EC007B09CD /* Main.storyboard */ = {
			isa = PBXVariantGroup;
			children = (
				A370D844247BA8EC007B09CD /* Base */,
			);
			name = Main.storyboard;
			sourceTree = "<group>";
		};
		A370D848247BA8EF007B09CD /* LaunchScreen.storyboard */ = {
			isa = PBXVariantGroup;
			children = (
				A370D849247BA8EF007B09CD /* Base */,
			);
			name = LaunchScreen.storyboard;
			sourceTree = "<group>";
		};
/* End PBXVariantGroup section */

/* Begin XCBuildConfiguration section */
		A370D84C247BA8EF007B09CD /* Debug */ = {
			isa = XCBuildConfiguration;
			buildSettings = {
				ALWAYS_SEARCH_USER_PATHS = NO;
				CLANG_ANALYZER_NONNULL = YES;
				CLANG_ANALYZER_NUMBER_OBJECT_CONVERSION = YES_AGGRESSIVE;
				CLANG_CXX_LANGUAGE_STANDARD = "gnu++14";
				CLANG_CXX_LIBRARY = "libc++";
				CLANG_ENABLE_MODULES = YES;
				CLANG_ENABLE_OBJC_ARC = YES;
				CLANG_ENABLE_OBJC_WEAK = YES;
				CLANG_WARN_BLOCK_CAPTURE_AUTORELEASING = YES;
				CLANG_WARN_BOOL_CONVERSION = YES;
				CLANG_WARN_COMMA = YES;
				CLANG_WARN_CONSTANT_CONVERSION = YES;
				CLANG_WARN_DEPRECATED_OBJC_IMPLEMENTATIONS = YES;
				CLANG_WARN_DIRECT_OBJC_ISA_USAGE = YES_ERROR;
				CLANG_WARN_DOCUMENTATION_COMMENTS = YES;
				CLANG_WARN_EMPTY_BODY = YES;
				CLANG_WARN_ENUM_CONVERSION = YES;
				CLANG_WARN_INFINITE_RECURSION = YES;
				CLANG_WARN_INT_CONVERSION = YES;
				CLANG_WARN_NON_LITERAL_NULL_CONVERSION = YES;
				CLANG_WARN_OBJC_IMPLICIT_RETAIN_SELF = YES;
				CLANG_WARN_OBJC_LITERAL_CONVERSION = YES;
				CLANG_WARN_OBJC_ROOT_CLASS = YES_ERROR;
				CLANG_WARN_RANGE_LOOP_ANALYSIS = YES;
				CLANG_WARN_STRICT_PROTOTYPES = YES;
				CLANG_WARN_SUSPICIOUS_MOVE = YES;
				CLANG_WARN_UNGUARDED_AVAILABILITY = YES_AGGRESSIVE;
				CLANG_WARN_UNREACHABLE_CODE = YES;
				CLANG_WARN__DUPLICATE_METHOD_MATCH = YES;
				COPY_PHASE_STRIP = NO;
				DEBUG_INFORMATION_FORMAT = dwarf;
				ENABLE_STRICT_OBJC_MSGSEND = YES;
				ENABLE_TESTABILITY = YES;
				GCC_C_LANGUAGE_STANDARD = gnu11;
				GCC_DYNAMIC_NO_PIC = NO;
				GCC_NO_COMMON_BLOCKS = YES;
				GCC_OPTIMIZATION_LEVEL = 0;
				GCC_PREPROCESSOR_DEFINITIONS = (
					"DEBUG=1",
					"$(inherited)",
				);
				GCC_WARN_64_TO_32_BIT_CONVERSION = YES;
				GCC_WARN_ABOUT_RETURN_TYPE = YES_ERROR;
				GCC_WARN_UNDECLARED_SELECTOR = YES;
				GCC_WARN_UNINITIALIZED_AUTOS = YES_AGGRESSIVE;
				GCC_WARN_UNUSED_FUNCTION = YES;
				GCC_WARN_UNUSED_VARIABLE = YES;
				IPHONEOS_DEPLOYMENT_TARGET = 13.1;
				MTL_ENABLE_DEBUG_INFO = INCLUDE_SOURCE;
				MTL_FAST_MATH = YES;
				ONLY_ACTIVE_ARCH = YES;
				SDKROOT = iphoneos;
				SWIFT_ACTIVE_COMPILATION_CONDITIONS = DEBUG;
				SWIFT_OPTIMIZATION_LEVEL = "-Onone";
			};
			name = Debug;
		};
		A370D84D247BA8EF007B09CD /* Release */ = {
			isa = XCBuildConfiguration;
			buildSettings = {
				ALWAYS_SEARCH_USER_PATHS = NO;
				CLANG_ANALYZER_NONNULL = YES;
				CLANG_ANALYZER_NUMBER_OBJECT_CONVERSION = YES_AGGRESSIVE;
				CLANG_CXX_LANGUAGE_STANDARD = "gnu++14";
				CLANG_CXX_LIBRARY = "libc++";
				CLANG_ENABLE_MODULES = YES;
				CLANG_ENABLE_OBJC_ARC = YES;
				CLANG_ENABLE_OBJC_WEAK = YES;
				CLANG_WARN_BLOCK_CAPTURE_AUTORELEASING = YES;
				CLANG_WARN_BOOL_CONVERSION = YES;
				CLANG_WARN_COMMA = YES;
				CLANG_WARN_CONSTANT_CONVERSION = YES;
				CLANG_WARN_DEPRECATED_OBJC_IMPLEMENTATIONS = YES;
				CLANG_WARN_DIRECT_OBJC_ISA_USAGE = YES_ERROR;
				CLANG_WARN_DOCUMENTATION_COMMENTS = YES;
				CLANG_WARN_EMPTY_BODY = YES;
				CLANG_WARN_ENUM_CONVERSION = YES;
				CLANG_WARN_INFINITE_RECURSION = YES;
				CLANG_WARN_INT_CONVERSION = YES;
				CLANG_WARN_NON_LITERAL_NULL_CONVERSION = YES;
				CLANG_WARN_OBJC_IMPLICIT_RETAIN_SELF = YES;
				CLANG_WARN_OBJC_LITERAL_CONVERSION = YES;
				CLANG_WARN_OBJC_ROOT_CLASS = YES_ERROR;
				CLANG_WARN_RANGE_LOOP_ANALYSIS = YES;
				CLANG_WARN_STRICT_PROTOTYPES = YES;
				CLANG_WARN_SUSPICIOUS_MOVE = YES;
				CLANG_WARN_UNGUARDED_AVAILABILITY = YES_AGGRESSIVE;
				CLANG_WARN_UNREACHABLE_CODE = YES;
				CLANG_WARN__DUPLICATE_METHOD_MATCH = YES;
				COPY_PHASE_STRIP = NO;
				DEBUG_INFORMATION_FORMAT = "dwarf-with-dsym";
				ENABLE_NS_ASSERTIONS = NO;
				ENABLE_STRICT_OBJC_MSGSEND = YES;
				GCC_C_LANGUAGE_STANDARD = gnu11;
				GCC_NO_COMMON_BLOCKS = YES;
				GCC_WARN_64_TO_32_BIT_CONVERSION = YES;
				GCC_WARN_ABOUT_RETURN_TYPE = YES_ERROR;
				GCC_WARN_UNDECLARED_SELECTOR = YES;
				GCC_WARN_UNINITIALIZED_AUTOS = YES_AGGRESSIVE;
				GCC_WARN_UNUSED_FUNCTION = YES;
				GCC_WARN_UNUSED_VARIABLE = YES;
				IPHONEOS_DEPLOYMENT_TARGET = 13.1;
				MTL_ENABLE_DEBUG_INFO = NO;
				MTL_FAST_MATH = YES;
				SDKROOT = iphoneos;
				SWIFT_COMPILATION_MODE = wholemodule;
				SWIFT_OPTIMIZATION_LEVEL = "-O";
				VALIDATE_PRODUCT = YES;
			};
			name = Release;
		};
		A370D84F247BA8EF007B09CD /* Debug */ = {
			isa = XCBuildConfiguration;
			buildSettings = {
				ASSETCATALOG_COMPILER_APPICON_NAME = AppIcon;
				CODE_SIGN_STYLE = Automatic;
				DEVELOPMENT_TEAM = HK26G555BW;
				INFOPLIST_FILE = FlyPlane/Info.plist;
				LD_RUNPATH_SEARCH_PATHS = (
					"$(inherited)",
					"@executable_path/Frameworks",
				);
				PRODUCT_BUNDLE_IDENTIFIER = itdev.FlyPlane;
				PRODUCT_NAME = "$(TARGET_NAME)";
				SWIFT_VERSION = 5.0;
				TARGETED_DEVICE_FAMILY = "1,2";
			};
			name = Debug;
		};
		A370D850247BA8EF007B09CD /* Release */ = {
			isa = XCBuildConfiguration;
			buildSettings = {
				ASSETCATALOG_COMPILER_APPICON_NAME = AppIcon;
				CODE_SIGN_STYLE = Automatic;
				DEVELOPMENT_TEAM = HK26G555BW;
				INFOPLIST_FILE = FlyPlane/Info.plist;
				LD_RUNPATH_SEARCH_PATHS = (
					"$(inherited)",
					"@executable_path/Frameworks",
				);
				PRODUCT_BUNDLE_IDENTIFIER = itdev.FlyPlane;
				PRODUCT_NAME = "$(TARGET_NAME)";
				SWIFT_VERSION = 5.0;
				TARGETED_DEVICE_FAMILY = "1,2";
			};
			name = Release;
		};
/* End XCBuildConfiguration section */

/* Begin XCConfigurationList section */
		A370D835247BA8EB007B09CD /* Build configuration list for PBXProject "FlyPlane" */ = {
			isa = XCConfigurationList;
			buildConfigurations = (
				A370D84C247BA8EF007B09CD /* Debug */,
				A370D84D247BA8EF007B09CD /* Release */,
			);
			defaultConfigurationIsVisible = 0;
			defaultConfigurationName = Release;
		};
		A370D84E247BA8EF007B09CD /* Build configuration list for PBXNativeTarget "FlyPlane" */ = {
			isa = XCConfigurationList;
			buildConfigurations = (
				A370D84F247BA8EF007B09CD /* Debug */,
				A370D850247BA8EF007B09CD /* Release */,
			);
			defaultConfigurationIsVisible = 0;
			defaultConfigurationName = Release;
		};
/* End XCConfigurationList section */
	};
	rootObject = A370D832247BA8EB007B09CD /* Project object */;
}
